
Microsoft Visual Studio Solution File, Format Version 11.00
# Visual Studio 2010
Project("{8BC9CEB8-8B4A-11D0-8D11-00A0C91BC942}") = "Stack and Heap Memory", "Stack and Heap Memory.vcxproj", "{30599025-659A-48AA-8896-CCA90763D8DA}"
EndProject
Global
	GlobalSection(SolutionConfigurationPlatforms) = preSolution
		Debug|Win32 = Debug|Win32
		Release|Win32 = Release|Win32
	EndGlobalSection
	GlobalSection(ProjectConfigurationPlatforms) = postSolution
		{30599025-659A-48AA-8896-CCA90763D8DA}.Debug|Win32.ActiveCfg = Debug|Win32
		{30599025-659A-48AA-8896-CCA90763D8DA}.Debug|Win32.Build.0 = Debug|Win32
		{30599025-659A-48AA-8896-CCA90763D8DA}.Release|Win32.ActiveCfg = Release|Win32
		{30599025-659A-48AA-8896-CCA90763D8DA}.Release|Win32.Build.0 = Release|Win32
	EndGlobalSection
	GlobalSection(SolutionProperties) = preSolution
		HideSolutionNode = FALSE
	EndGlobalSection
EndGlobal
