
Microsoft Visual Studio Solution File, Format Version 11.00
# Visual Studio 2010
Project("{8BC9CEB8-8B4A-11D0-8D11-00A0C91BC942}") = "Character Arrays", "Character Arrays.vcxproj", "{133C5C36-4D46-4E21-84BB-729B1E7D22DC}"
EndProject
Global
	GlobalSection(SolutionConfigurationPlatforms) = preSolution
		Debug|Win32 = Debug|Win32
		Release|Win32 = Release|Win32
	EndGlobalSection
	GlobalSection(ProjectConfigurationPlatforms) = postSolution
		{133C5C36-4D46-4E21-84BB-729B1E7D22DC}.Debug|Win32.ActiveCfg = Debug|Win32
		{133C5C36-4D46-4E21-84BB-729B1E7D22DC}.Debug|Win32.Build.0 = Debug|Win32
		{133C5C36-4D46-4E21-84BB-729B1E7D22DC}.Release|Win32.ActiveCfg = Release|Win32
		{133C5C36-4D46-4E21-84BB-729B1E7D22DC}.Release|Win32.Build.0 = Release|Win32
	EndGlobalSection
	GlobalSection(SolutionProperties) = preSolution
		HideSolutionNode = FALSE
	EndGlobalSection
EndGlobal
