
Microsoft Visual Studio Solution File, Format Version 11.00
# Visual Studio 2010
Project("{8BC9CEB8-8B4A-11D0-8D11-00A0C91BC942}") = "Pointers to Pointers", "Pointers to Pointers.vcxproj", "{48FF7EBB-7DD4-4DD9-971C-07141B362CBA}"
EndProject
Global
	GlobalSection(SolutionConfigurationPlatforms) = preSolution
		Debug|Win32 = Debug|Win32
		Release|Win32 = Release|Win32
	EndGlobalSection
	GlobalSection(ProjectConfigurationPlatforms) = postSolution
		{48FF7EBB-7DD4-4DD9-971C-07141B362CBA}.Debug|Win32.ActiveCfg = Debug|Win32
		{48FF7EBB-7DD4-4DD9-971C-07141B362CBA}.Debug|Win32.Build.0 = Debug|Win32
		{48FF7EBB-7DD4-4DD9-971C-07141B362CBA}.Release|Win32.ActiveCfg = Release|Win32
		{48FF7EBB-7DD4-4DD9-971C-07141B362CBA}.Release|Win32.Build.0 = Release|Win32
	EndGlobalSection
	GlobalSection(SolutionProperties) = preSolution
		HideSolutionNode = FALSE
	EndGlobalSection
EndGlobal
